
Microsoft Visual Studio Solution File, Format Version 12.00
# Visual Studio Version 17
VisualStudioVersion = 17.5.002.0
MinimumVisualStudioVersion = 10.0.40219.1
Project("{9A19103F-16F7-4668-BE54-9A1E7A4F7556}") = "BlogApi", "BlogApi.csproj", "{DC8D0AA2-7732-4EEB-8DA9-716A2B2E5A10}"
EndProject
Global
	GlobalSection(SolutionConfigurationPlatforms) = preSolution
		Debug|Any CPU = Debug|Any CPU
		Release|Any CPU = Release|Any CPU
	EndGlobalSection
	GlobalSection(ProjectConfigurationPlatforms) = postSolution
		{DC8D0AA2-7732-4EEB-8DA9-716A2B2E5A10}.Debug|Any CPU.ActiveCfg = Debug|Any CPU
		{DC8D0AA2-7732-4EEB-8DA9-716A2B2E5A10}.Debug|Any CPU.Build.0 = Debug|Any CPU
		{DC8D0AA2-7732-4EEB-8DA9-716A2B2E5A10}.Release|Any CPU.ActiveCfg = Release|Any CPU
		{DC8D0AA2-7732-4EEB-8DA9-716A2B2E5A10}.Release|Any CPU.Build.0 = Release|Any CPU
	EndGlobalSection
	GlobalSection(SolutionProperties) = preSolution
		HideSolutionNode = FALSE
	EndGlobalSection
	GlobalSection(ExtensibilityGlobals) = postSolution
		SolutionGuid = {C72AFF12-AFC1-48E8-8B4A-B3F2D4A1DC59}
	EndGlobalSection
EndGlobal
